{
    "version": 3,
    "terraform_version": "0.11.7",
    "serial": 5,
    "lineage": "189f7cd9-2dee-7303-3997-50025fe906b3",
    "modules": [
        {
            "path": [
                "root"
            ],
            "outputs": {},
            "resources": {
                "azurerm_network_interface.myterraformnic": {
                    "type": "azurerm_network_interface",
                    "depends_on": [
                        "azurerm_network_security_group.myterraformnsg",
                        "azurerm_public_ip.myterraformpublicip",
                        "azurerm_resource_group.myterraformgroup",
                        "azurerm_subnet.myterraformsubnet"
                    ],
                    "primary": {
                        "id": "/subscriptions/3b99fb3a-a079-45cb-a557-73faca548f7d/resourceGroups/GitLab-CE/providers/Microsoft.Network/networkInterfaces/myNIC",
                        "attributes": {
                            "applied_dns_servers.#": "0",
                            "dns_servers.#": "0",
                            "enable_accelerated_networking": "false",
                            "enable_ip_forwarding": "false",
                            "id": "/subscriptions/3b99fb3a-a079-45cb-a557-73faca548f7d/resourceGroups/GitLab-CE/providers/Microsoft.Network/networkInterfaces/myNIC",
                            "internal_dns_name_label": "",
                            "internal_fqdn": "",
                            "ip_configuration.#": "1",
                            "ip_configuration.0.application_gateway_backend_address_pools_ids.#": "0",
                            "ip_configuration.0.application_security_group_ids.#": "0",
                            "ip_configuration.0.load_balancer_backend_address_pools_ids.#": "0",
                            "ip_configuration.0.load_balancer_inbound_nat_rules_ids.#": "0",
                            "ip_configuration.0.name": "myNicConfiguration",
                            "ip_configuration.0.primary": "true",
                            "ip_configuration.0.private_ip_address": "",
                            "ip_configuration.0.private_ip_address_allocation": "dynamic",
                            "ip_configuration.0.public_ip_address_id": "/subscriptions/3b99fb3a-a079-45cb-a557-73faca548f7d/resourceGroups/GitLab-CE/providers/Microsoft.Network/publicIPAddresses/myPublicIP",
                            "ip_configuration.0.subnet_id": "/subscriptions/3b99fb3a-a079-45cb-a557-73faca548f7d/resourceGroups/GitLab-CE/providers/Microsoft.Network/virtualNetworks/myVnet/subnets/mySubnet",
                            "location": "japaneast",
                            "mac_address": "",
                            "name": "myNIC",
                            "network_security_group_id": "/subscriptions/3b99fb3a-a079-45cb-a557-73faca548f7d/resourceGroups/GitLab-CE/providers/Microsoft.Network/networkSecurityGroups/myNetworkSecurityGroup",
                            "private_ip_address": "10.0.1.4",
                            "private_ip_addresses.#": "1",
                            "private_ip_addresses.0": "10.0.1.4",
                            "resource_group_name": "GitLab-CE",
                            "tags.%": "0"
                        },
                        "meta": {},
                        "tainted": false
                    },
                    "deposed": [],
                    "provider": "provider.azurerm"
                },
                "azurerm_network_security_group.myterraformnsg": {
                    "type": "azurerm_network_security_group",
                    "depends_on": [
                        "azurerm_resource_group.myterraformgroup"
                    ],
                    "primary": {
                        "id": "/subscriptions/3b99fb3a-a079-45cb-a557-73faca548f7d/resourceGroups/GitLab-CE/providers/Microsoft.Network/networkSecurityGroups/myNetworkSecurityGroup",
                        "attributes": {
                            "id": "/subscriptions/3b99fb3a-a079-45cb-a557-73faca548f7d/resourceGroups/GitLab-CE/providers/Microsoft.Network/networkSecurityGroups/myNetworkSecurityGroup",
                            "location": "japaneast",
                            "name": "myNetworkSecurityGroup",
                            "resource_group_name": "GitLab-CE",
                            "security_rule.#": "2",
                            "security_rule.2090309246.access": "Allow",
                            "security_rule.2090309246.description": "",
                            "security_rule.2090309246.destination_address_prefix": "*",
                            "security_rule.2090309246.destination_address_prefixes.#": "0",
                            "security_rule.2090309246.destination_application_security_group_ids.#": "0",
                            "security_rule.2090309246.destination_port_range": "22",
                            "security_rule.2090309246.destination_port_ranges.#": "0",
                            "security_rule.2090309246.direction": "Inbound",
                            "security_rule.2090309246.name": "SSH",
                            "security_rule.2090309246.priority": "1001",
                            "security_rule.2090309246.protocol": "Tcp",
                            "security_rule.2090309246.source_address_prefix": "*",
                            "security_rule.2090309246.source_address_prefixes.#": "0",
                            "security_rule.2090309246.source_application_security_group_ids.#": "0",
                            "security_rule.2090309246.source_port_range": "*",
                            "security_rule.2090309246.source_port_ranges.#": "0",
                            "security_rule.2455716876.access": "Allow",
                            "security_rule.2455716876.description": "",
                            "security_rule.2455716876.destination_address_prefix": "*",
                            "security_rule.2455716876.destination_address_prefixes.#": "0",
                            "security_rule.2455716876.destination_application_security_group_ids.#": "0",
                            "security_rule.2455716876.destination_port_range": "80",
                            "security_rule.2455716876.destination_port_ranges.#": "0",
                            "security_rule.2455716876.direction": "Inbound",
                            "security_rule.2455716876.name": "HTTP",
                            "security_rule.2455716876.priority": "1002",
                            "security_rule.2455716876.protocol": "Tcp",
                            "security_rule.2455716876.source_address_prefix": "*",
                            "security_rule.2455716876.source_address_prefixes.#": "0",
                            "security_rule.2455716876.source_application_security_group_ids.#": "0",
                            "security_rule.2455716876.source_port_range": "*",
                            "security_rule.2455716876.source_port_ranges.#": "0",
                            "tags.%": "0"
                        },
                        "meta": {},
                        "tainted": false
                    },
                    "deposed": [],
                    "provider": "provider.azurerm"
                },
                "azurerm_public_ip.myterraformpublicip": {
                    "type": "azurerm_public_ip",
                    "depends_on": [
                        "azurerm_resource_group.myterraformgroup"
                    ],
                    "primary": {
                        "id": "/subscriptions/3b99fb3a-a079-45cb-a557-73faca548f7d/resourceGroups/GitLab-CE/providers/Microsoft.Network/publicIPAddresses/myPublicIP",
                        "attributes": {
                            "id": "/subscriptions/3b99fb3a-a079-45cb-a557-73faca548f7d/resourceGroups/GitLab-CE/providers/Microsoft.Network/publicIPAddresses/myPublicIP",
                            "ip_address": "",
                            "location": "japaneast",
                            "name": "myPublicIP",
                            "public_ip_address_allocation": "dynamic",
                            "resource_group_name": "GitLab-CE",
                            "sku": "Basic",
                            "tags.%": "0",
                            "zones.#": "0"
                        },
                        "meta": {},
                        "tainted": false
                    },
                    "deposed": [],
                    "provider": "provider.azurerm"
                },
                "azurerm_resource_group.myterraformgroup": {
                    "type": "azurerm_resource_group",
                    "depends_on": [],
                    "primary": {
                        "id": "/subscriptions/3b99fb3a-a079-45cb-a557-73faca548f7d/resourceGroups/GitLab-CE",
                        "attributes": {
                            "id": "/subscriptions/3b99fb3a-a079-45cb-a557-73faca548f7d/resourceGroups/GitLab-CE",
                            "location": "japaneast",
                            "name": "GitLab-CE",
                            "tags.%": "0"
                        },
                        "meta": {},
                        "tainted": false
                    },
                    "deposed": [],
                    "provider": "provider.azurerm"
                },
                "azurerm_storage_account.mystorageaccount": {
                    "type": "azurerm_storage_account",
                    "depends_on": [
                        "azurerm_resource_group.myterraformgroup",
                        "random_id.randomId"
                    ],
                    "primary": {
                        "id": "/subscriptions/3b99fb3a-a079-45cb-a557-73faca548f7d/resourceGroups/GitLab-CE/providers/Microsoft.Storage/storageAccounts/diag5be781cdcafec2f5",
                        "attributes": {
                            "access_tier": "",
                            "account_encryption_source": "Microsoft.Storage",
                            "account_kind": "Storage",
                            "account_replication_type": "LRS",
                            "account_tier": "Standard",
                            "account_type": "Standard_LRS",
                            "enable_blob_encryption": "true",
                            "enable_file_encryption": "true",
                            "enable_https_traffic_only": "false",
                            "id": "/subscriptions/3b99fb3a-a079-45cb-a557-73faca548f7d/resourceGroups/GitLab-CE/providers/Microsoft.Storage/storageAccounts/diag5be781cdcafec2f5",
                            "location": "japaneast",
                            "name": "diag5be781cdcafec2f5",
                            "primary_access_key": "vxN1b/9mx4dVEKVuXLNoEJMZPa0j3IXbA29p3DO1bRU/tNDerxjsp1ytPGqP3qqowLbcB7O1oS5rRlXbvfuYIw==",
                            "primary_blob_connection_string": "DefaultEndpointsProtocol=https;BlobEndpoint=https://diag5be781cdcafec2f5.blob.core.windows.net/;AccountName=diag5be781cdcafec2f5;AccountKey=vxN1b/9mx4dVEKVuXLNoEJMZPa0j3IXbA29p3DO1bRU/tNDerxjsp1ytPGqP3qqowLbcB7O1oS5rRlXbvfuYIw==",
                            "primary_blob_endpoint": "https://diag5be781cdcafec2f5.blob.core.windows.net/",
                            "primary_connection_string": "DefaultEndpointsProtocol=https;AccountName=diag5be781cdcafec2f5;AccountKey=vxN1b/9mx4dVEKVuXLNoEJMZPa0j3IXbA29p3DO1bRU/tNDerxjsp1ytPGqP3qqowLbcB7O1oS5rRlXbvfuYIw==;EndpointSuffix=core.windows.net",
                            "primary_file_endpoint": "https://diag5be781cdcafec2f5.file.core.windows.net/",
                            "primary_location": "japaneast",
                            "primary_queue_endpoint": "https://diag5be781cdcafec2f5.queue.core.windows.net/",
                            "primary_table_endpoint": "https://diag5be781cdcafec2f5.table.core.windows.net/",
                            "resource_group_name": "GitLab-CE",
                            "secondary_access_key": "jDMcwGxWiQhD7VXoyO62xA6SYc+JK5VGQqDRAFYzuGvnQR/1KqNg7dkcaVTSJGdxmazwyztQEQ2clnsmVzA01Q==",
                            "secondary_connection_string": "DefaultEndpointsProtocol=https;AccountName=diag5be781cdcafec2f5;AccountKey=jDMcwGxWiQhD7VXoyO62xA6SYc+JK5VGQqDRAFYzuGvnQR/1KqNg7dkcaVTSJGdxmazwyztQEQ2clnsmVzA01Q==;EndpointSuffix=core.windows.net",
                            "secondary_location": "",
                            "tags.%": "0"
                        },
                        "meta": {
                            "schema_version": "2"
                        },
                        "tainted": false
                    },
                    "deposed": [],
                    "provider": "provider.azurerm"
                },
                "azurerm_subnet.myterraformsubnet": {
                    "type": "azurerm_subnet",
                    "depends_on": [
                        "azurerm_resource_group.myterraformgroup",
                        "azurerm_virtual_network.myterraformnetwork"
                    ],
                    "primary": {
                        "id": "/subscriptions/3b99fb3a-a079-45cb-a557-73faca548f7d/resourceGroups/GitLab-CE/providers/Microsoft.Network/virtualNetworks/myVnet/subnets/mySubnet",
                        "attributes": {
                            "address_prefix": "10.0.1.0/24",
                            "id": "/subscriptions/3b99fb3a-a079-45cb-a557-73faca548f7d/resourceGroups/GitLab-CE/providers/Microsoft.Network/virtualNetworks/myVnet/subnets/mySubnet",
                            "ip_configurations.#": "1",
                            "ip_configurations.1843950478": "/subscriptions/3b99fb3a-a079-45cb-a557-73faca548f7d/resourceGroups/GitLab-CE/providers/Microsoft.Network/networkInterfaces/myNIC/ipConfigurations/myNicConfiguration",
                            "name": "mySubnet",
                            "resource_group_name": "GitLab-CE",
                            "service_endpoints.#": "0",
                            "virtual_network_name": "myVnet"
                        },
                        "meta": {},
                        "tainted": false
                    },
                    "deposed": [],
                    "provider": "provider.azurerm"
                },
                "azurerm_virtual_machine.myterraformvm": {
                    "type": "azurerm_virtual_machine",
                    "depends_on": [
                        "azurerm_network_interface.myterraformnic",
                        "azurerm_resource_group.myterraformgroup",
                        "azurerm_storage_account.mystorageaccount"
                    ],
                    "primary": {
                        "id": "/subscriptions/3b99fb3a-a079-45cb-a557-73faca548f7d/resourceGroups/GitLab-CE/providers/Microsoft.Compute/virtualMachines/myVM",
                        "attributes": {
                            "boot_diagnostics.#": "1",
                            "boot_diagnostics.0.enabled": "true",
                            "boot_diagnostics.0.storage_uri": "https://diag5be781cdcafec2f5.blob.core.windows.net/",
                            "delete_data_disks_on_termination": "false",
                            "delete_os_disk_on_termination": "false",
                            "id": "/subscriptions/3b99fb3a-a079-45cb-a557-73faca548f7d/resourceGroups/GitLab-CE/providers/Microsoft.Compute/virtualMachines/myVM",
                            "identity.#": "0",
                            "location": "japaneast",
                            "name": "myVM",
                            "network_interface_ids.#": "1",
                            "network_interface_ids.0": "/subscriptions/3b99fb3a-a079-45cb-a557-73faca548f7d/resourceGroups/GitLab-CE/providers/Microsoft.Network/networkInterfaces/myNIC",
                            "os_profile.#": "1",
                            "os_profile.3251499964.admin_password": "",
                            "os_profile.3251499964.admin_username": "mebisuda",
                            "os_profile.3251499964.computer_name": "myvm",
                            "os_profile.3251499964.custom_data": "",
                            "os_profile_linux_config.#": "1",
                            "os_profile_linux_config.69840937.disable_password_authentication": "true",
                            "os_profile_linux_config.69840937.ssh_keys.#": "1",
                            "os_profile_linux_config.69840937.ssh_keys.0.key_data": "ssh-rsa AAAAB3NzaC1yc2EAAAADAQABAAABAQDBvXmMEi/0ZAKuUktLaIVf7QBGE+MnbtZ0R3dPPDCA5N8wcbdW19fQKxHk0JzNE01XC3uN7dO1hpFE5I/vCU0OFgNp6iT4AdYbG6dUc0YLXD00Tc0lcUp9JRMkHy354qcSvfxWJ7zP4JMf/AVbMsFvY8e7hmSlGrUKyT3wwMc9tUwTiExDFOzlmpOrReC/xus9DDdY/HQtWHnKD8elJqELWFzHnApaCkUQr5k0B5VHiMqMWSPQa9GOPmh15hDybxk5yBKnJUGy2VMXUQ+WEuLZCpH54Wyb1Ldzv2kcqn5RSSZm6Y3FfPkdf45nlLtDoO35xltKr8JYOdj+2cEeyiQr mebisuda@cc-cc7d-fe680b19-3280611124-hb853",
                            "os_profile_linux_config.69840937.ssh_keys.0.path": "/home/mebisuda/.ssh/authorized_keys",
                            "os_profile_secrets.#": "0",
                            "plan.#": "1",
                            "plan.0.name": "gitlab-ce",
                            "plan.0.product": "gitlab-ce",
                            "plan.0.publisher": "gitlab",
                            "resource_group_name": "GitLab-CE",
                            "storage_data_disk.#": "0",
                            "storage_image_reference.#": "1",
                            "storage_image_reference.1928852344.id": "",
                            "storage_image_reference.1928852344.offer": "gitlab-ce",
                            "storage_image_reference.1928852344.publisher": "gitlab",
                            "storage_image_reference.1928852344.sku": "gitlab-ce",
                            "storage_image_reference.1928852344.version": "latest",
                            "storage_os_disk.#": "1",
                            "storage_os_disk.0.caching": "ReadWrite",
                            "storage_os_disk.0.create_option": "FromImage",
                            "storage_os_disk.0.disk_size_gb": "29",
                            "storage_os_disk.0.image_uri": "",
                            "storage_os_disk.0.managed_disk_id": "/subscriptions/3b99fb3a-a079-45cb-a557-73faca548f7d/resourceGroups/GitLab-CE/providers/Microsoft.Compute/disks/myOsDisk",
                            "storage_os_disk.0.managed_disk_type": "Premium_LRS",
                            "storage_os_disk.0.name": "myOsDisk",
                            "storage_os_disk.0.os_type": "Linux",
                            "storage_os_disk.0.vhd_uri": "",
                            "tags.%": "0",
                            "vm_size": "Standard_DS1_v2",
                            "zones.#": "0"
                        },
                        "meta": {},
                        "tainted": false
                    },
                    "deposed": [],
                    "provider": "provider.azurerm"
                },
                "azurerm_virtual_network.myterraformnetwork": {
                    "type": "azurerm_virtual_network",
                    "depends_on": [
                        "azurerm_resource_group.myterraformgroup"
                    ],
                    "primary": {
                        "id": "/subscriptions/3b99fb3a-a079-45cb-a557-73faca548f7d/resourceGroups/GitLab-CE/providers/Microsoft.Network/virtualNetworks/myVnet",
                        "attributes": {
                            "address_space.#": "1",
                            "address_space.0": "10.0.0.0/16",
                            "dns_servers.#": "0",
                            "id": "/subscriptions/3b99fb3a-a079-45cb-a557-73faca548f7d/resourceGroups/GitLab-CE/providers/Microsoft.Network/virtualNetworks/myVnet",
                            "location": "japaneast",
                            "name": "myVnet",
                            "resource_group_name": "GitLab-CE",
                            "subnet.#": "1",
                            "subnet.4250548586.address_prefix": "10.0.1.0/24",
                            "subnet.4250548586.name": "mySubnet",
                            "subnet.4250548586.security_group": "",
                            "tags.%": "0"
                        },
                        "meta": {},
                        "tainted": false
                    },
                    "deposed": [],
                    "provider": "provider.azurerm"
                },
                "random_id.randomId": {
                    "type": "random_id",
                    "depends_on": [
                        "azurerm_resource_group.myterraformgroup"
                    ],
                    "primary": {
                        "id": "W-eBzcr-wvU",
                        "attributes": {
                            "b64": "W-eBzcr-wvU",
                            "b64_std": "W+eBzcr+wvU=",
                            "b64_url": "W-eBzcr-wvU",
                            "byte_length": "8",
                            "dec": "6622404497945576181",
                            "hex": "5be781cdcafec2f5",
                            "id": "W-eBzcr-wvU",
                            "keepers.%": "1",
                            "keepers.resource_group": "GitLab-CE"
                        },
                        "meta": {},
                        "tainted": false
                    },
                    "deposed": [],
                    "provider": "provider.random"
                }
            },
            "depends_on": []
        }
    ]
}
